{
  "name": "16",
  "version": "1.0.0",
  "lockfileVersion": 3,
  "requires": true,
  "packages": {
    "": {
      "name": "16",
      "version": "1.0.0",
      "license": "ISC",
      "dependencies": {
        "date-fns": "^3.2.0",
        "moment-js": "^1.1.15"
      }
    },
    "node_modules/date-fns": {
      "version": "3.2.0",
      "resolved": "https://registry.npmjs.org/date-fns/-/date-fns-3.2.0.tgz",
      "integrity": "sha512-E4KWKavANzeuusPi0jUjpuI22SURAznGkx7eZV+4i6x2A+IZxAMcajgkvuDAU1bg40+xuhW1zRdVIIM/4khuIg==",
      "funding": {
        "type": "github",
        "url": "https://github.com/sponsors/kossnocorp"
      }
    },
    "node_modules/moment-js": {
      "version": "1.1.15",
      "resolved": "https://registry.npmjs.org/moment-js/-/moment-js-1.1.15.tgz",
      "integrity": "sha512-nIXvKDL4rbRugY3nSku7Qe6/Bbbxc27UXj09Qm/nLuCrEkMhD3cY41uEwY75IYm5GUcl5ucL4lc3JnoNCvbAhg=="
    }
  }
}
